<?xml version="1.0" encoding="utf-8"?>
<Project ToolsVersion="4.0" xmlns="http://schemas.microsoft.com/developer/msbuild/2003">
  <ItemGroup>
    <Filter Include="Platform">
      <UniqueIdentifier>{2AC788B4-1694-E3BF-3FAD-D1672BD9184E}</UniqueIdentifier>
    </Filter>
    <Filter Include="Platform\Windows">
      <UniqueIdentifier>{64FBD71A-50F4-F66C-7926-DCF1657ED678}</UniqueIdentifier>
    </Filter>
    <Filter Include="Thease">
      <UniqueIdentifier>{1F5C63D3-0BFE-8DA9-F4B8-A1FDE0F914FA}</UniqueIdentifier>
    </Filter>
    <Filter Include="Thease\Events">
      <UniqueIdentifier>{234FF2D5-8F0F-6E0C-584A-B789C4C9B2E8}</UniqueIdentifier>
    </Filter>
  </ItemGroup>
  <ItemGroup>
    <ClInclude Include="src\Platform\Windows\WindowsWindow.h">
      <Filter>Platform\Windows</Filter>
    </ClInclude>
    <ClInclude Include="src\Thease.h" />
    <ClInclude Include="src\Thease\Application.h">
      <Filter>Thease</Filter>
    </ClInclude>
    <ClInclude Include="src\Thease\Core.h">
      <Filter>Thease</Filter>
    </ClInclude>
    <ClInclude Include="src\Thease\EntryPoint.h">
      <Filter>Thease</Filter>
    </ClInclude>
    <ClInclude Include="src\Thease\Events\ApplicationEvent.h">
      <Filter>Thease\Events</Filter>
    </ClInclude>
    <ClInclude Include="src\Thease\Events\Event.h">
      <Filter>Thease\Events</Filter>
    </ClInclude>
    <ClInclude Include="src\Thease\Events\KeyEvent.h">
      <Filter>Thease\Events</Filter>
    </ClInclude>
    <ClInclude Include="src\Thease\Events\MouseEvent.h">
      <Filter>Thease\Events</Filter>
    </ClInclude>
    <ClInclude Include="src\Thease\Log.h">
      <Filter>Thease</Filter>
    </ClInclude>
    <ClInclude Include="src\Thease\Window.h">
      <Filter>Thease</Filter>
    </ClInclude>
    <ClInclude Include="src\thpch.h" />
  </ItemGroup>
  <ItemGroup>
    <ClCompile Include="src\Platform\Windows\WindowsWindow.cpp">
      <Filter>Platform\Windows</Filter>
    </ClCompile>
    <ClCompile Include="src\Thease\Application.cpp">
      <Filter>Thease</Filter>
    </ClCompile>
    <ClCompile Include="src\Thease\Log.cpp">
      <Filter>Thease</Filter>
    </ClCompile>
    <ClCompile Include="src\thpch.cpp" />
  </ItemGroup>
</Project>